
Microsoft Visual Studio Solution File, Format Version 12.00
# Visual Studio Version 17
VisualStudioVersion = 17.8.34511.84
MinimumVisualStudioVersion = 10.0.40219.1
Project("{FAE04EC0-301F-11D3-BF4B-00C04F79EFBC}") = "AppWeb_MVC", "AppWeb_MVC\AppWeb_MVC.csproj", "{F8C65E78-F489-45AD-84DF-F2B65884E7D3}"
EndProject
Global
	GlobalSection(SolutionConfigurationPlatforms) = preSolution
		Debug|Any CPU = Debug|Any CPU
		Release|Any CPU = Release|Any CPU
	EndGlobalSection
	GlobalSection(ProjectConfigurationPlatforms) = postSolution
		{F8C65E78-F489-45AD-84DF-F2B65884E7D3}.Debug|Any CPU.ActiveCfg = Debug|Any CPU
		{F8C65E78-F489-45AD-84DF-F2B65884E7D3}.Debug|Any CPU.Build.0 = Debug|Any CPU
		{F8C65E78-F489-45AD-84DF-F2B65884E7D3}.Release|Any CPU.ActiveCfg = Release|Any CPU
		{F8C65E78-F489-45AD-84DF-F2B65884E7D3}.Release|Any CPU.Build.0 = Release|Any CPU
	EndGlobalSection
	GlobalSection(SolutionProperties) = preSolution
		HideSolutionNode = FALSE
	EndGlobalSection
	GlobalSection(ExtensibilityGlobals) = postSolution
		SolutionGuid = {4179E748-68E7-4C79-BBF6-EB3E340EED51}
	EndGlobalSection
EndGlobal
